
Microsoft Visual Studio Solution File, Format Version 12.00
# Visual Studio Version 17
VisualStudioVersion = 17.0.31903.59
MinimumVisualStudioVersion = 10.0.40219.1
Project("{2150E333-8FDC-42A3-9474-1A3956D46DE8}") = "SharedKernel", "SharedKernel", "{E5E3DED4-833C-8448-2882-5E2DD65C4ABF}"
EndProject
Project("{FAE04EC0-301F-11D3-BF4B-00C04F79EFBC}") = "Couture.SharedKernel", "SharedKernel\Couture.SharedKernel.csproj", "{17B5F5F8-E674-4E4B-AB33-8B805468DE62}"
EndProject
Project("{2150E333-8FDC-42A3-9474-1A3956D46DE8}") = "Modules", "Modules", "{CA253913-39DE-BFD0-C9A3-4B7EC6FBDF17}"
EndProject
Project("{2150E333-8FDC-42A3-9474-1A3956D46DE8}") = "Orders", "Orders", "{E1ED5814-3279-5096-6E7D-B99B82AC87D2}"
EndProject
Project("{2150E333-8FDC-42A3-9474-1A3956D46DE8}") = "Orders.Contracts", "Orders.Contracts", "{8A3D6C75-9FE5-5C8D-CCBA-EB2303A4CACF}"
EndProject
Project("{FAE04EC0-301F-11D3-BF4B-00C04F79EFBC}") = "Couture.Orders.Contracts", "Modules\Orders\Orders.Contracts\Couture.Orders.Contracts.csproj", "{47CC0345-635C-427C-A5F5-98E92725D033}"
EndProject
Project("{2150E333-8FDC-42A3-9474-1A3956D46DE8}") = "Orders", "Orders", "{CAF1BADB-424F-1275-12CF-00846F2BBF3D}"
EndProject
Project("{FAE04EC0-301F-11D3-BF4B-00C04F79EFBC}") = "Couture.Orders", "Modules\Orders\Orders\Couture.Orders.csproj", "{076C2030-785C-4358-AA17-5E9DB38C1D46}"
EndProject
Project("{2150E333-8FDC-42A3-9474-1A3956D46DE8}") = "Clients", "Clients", "{9F9B5C7C-8DB4-4384-1E8B-37A9E374360A}"
EndProject
Project("{2150E333-8FDC-42A3-9474-1A3956D46DE8}") = "Clients.Contracts", "Clients.Contracts", "{034152A5-9AA0-667B-1077-7FB1DD395008}"
EndProject
Project("{FAE04EC0-301F-11D3-BF4B-00C04F79EFBC}") = "Couture.Clients.Contracts", "Modules\Clients\Clients.Contracts\Couture.Clients.Contracts.csproj", "{50DF3C7C-0E4A-464C-A6D4-640B86654D4C}"
EndProject
Project("{2150E333-8FDC-42A3-9474-1A3956D46DE8}") = "Clients", "Clients", "{C147E3CD-8F18-FAF3-2FEE-D3D1A1864FF0}"
EndProject
Project("{FAE04EC0-301F-11D3-BF4B-00C04F79EFBC}") = "Couture.Clients", "Modules\Clients\Clients\Couture.Clients.csproj", "{60C2D627-2B82-4094-B407-E1B5F0A818E6}"
EndProject
Project("{2150E333-8FDC-42A3-9474-1A3956D46DE8}") = "Finance", "Finance", "{0FD22AAC-ECEF-4C47-EEB9-72E8245E02C2}"
EndProject
Project("{2150E333-8FDC-42A3-9474-1A3956D46DE8}") = "Finance.Contracts", "Finance.Contracts", "{0FAE6855-8A90-59B6-6D1B-EAA50F834772}"
EndProject
Project("{FAE04EC0-301F-11D3-BF4B-00C04F79EFBC}") = "Couture.Finance.Contracts", "Modules\Finance\Finance.Contracts\Couture.Finance.Contracts.csproj", "{3625F604-1750-49FD-8FB9-F89E0DEE3F78}"
EndProject
Project("{2150E333-8FDC-42A3-9474-1A3956D46DE8}") = "Finance", "Finance", "{71AF9407-6A1E-68F9-1AA2-7BB3DAEABC80}"
EndProject
Project("{FAE04EC0-301F-11D3-BF4B-00C04F79EFBC}") = "Couture.Finance", "Modules\Finance\Finance\Couture.Finance.csproj", "{1CB8CCB2-9854-4457-A578-52969C6AB6CE}"
EndProject
Project("{2150E333-8FDC-42A3-9474-1A3956D46DE8}") = "Dashboard", "Dashboard", "{4502CDD3-94B8-4CD1-54ED-E27DF0C66E6B}"
EndProject
Project("{2150E333-8FDC-42A3-9474-1A3956D46DE8}") = "Dashboard.Contracts", "Dashboard.Contracts", "{9BE2ECE3-2CB6-D8D0-C11B-7A03D6A9CFD4}"
EndProject
Project("{FAE04EC0-301F-11D3-BF4B-00C04F79EFBC}") = "Couture.Dashboard.Contracts", "Modules\Dashboard\Dashboard.Contracts\Couture.Dashboard.Contracts.csproj", "{2558F615-3662-4F09-B84A-CE7374DB6D8F}"
EndProject
Project("{2150E333-8FDC-42A3-9474-1A3956D46DE8}") = "Dashboard", "Dashboard", "{47E9E364-0922-2F98-033D-C9DDB58A1D37}"
EndProject
Project("{FAE04EC0-301F-11D3-BF4B-00C04F79EFBC}") = "Couture.Dashboard", "Modules\Dashboard\Dashboard\Couture.Dashboard.csproj", "{0059FD09-6DAF-47AE-9ACA-FE655E32275F}"
EndProject
Project("{2150E333-8FDC-42A3-9474-1A3956D46DE8}") = "Notifications", "Notifications", "{E4F07A3A-0D15-4D3A-4C13-E2BD6EBFF108}"
EndProject
Project("{2150E333-8FDC-42A3-9474-1A3956D46DE8}") = "Notifications.Contracts", "Notifications.Contracts", "{045AE60A-7CE7-5BDF-9AB2-CA795301A2CA}"
EndProject
Project("{FAE04EC0-301F-11D3-BF4B-00C04F79EFBC}") = "Couture.Notifications.Contracts", "Modules\Notifications\Notifications.Contracts\Couture.Notifications.Contracts.csproj", "{840E3B41-1A7E-4B77-AB5A-934551AE7F03}"
EndProject
Project("{2150E333-8FDC-42A3-9474-1A3956D46DE8}") = "Notifications", "Notifications", "{4386AD0B-6222-5FD0-BE49-098B620FC573}"
EndProject
Project("{FAE04EC0-301F-11D3-BF4B-00C04F79EFBC}") = "Couture.Notifications", "Modules\Notifications\Notifications\Couture.Notifications.csproj", "{28C776C4-7B6B-4802-9FF8-06AB8EC90127}"
EndProject
Global
	GlobalSection(SolutionConfigurationPlatforms) = preSolution
		Debug|Any CPU = Debug|Any CPU
		Debug|x64 = Debug|x64
		Debug|x86 = Debug|x86
		Release|Any CPU = Release|Any CPU
		Release|x64 = Release|x64
		Release|x86 = Release|x86
	EndGlobalSection
	GlobalSection(ProjectConfigurationPlatforms) = postSolution
		{17B5F5F8-E674-4E4B-AB33-8B805468DE62}.Debug|Any CPU.ActiveCfg = Debug|Any CPU
		{17B5F5F8-E674-4E4B-AB33-8B805468DE62}.Debug|Any CPU.Build.0 = Debug|Any CPU
		{17B5F5F8-E674-4E4B-AB33-8B805468DE62}.Debug|x64.ActiveCfg = Debug|Any CPU
		{17B5F5F8-E674-4E4B-AB33-8B805468DE62}.Debug|x64.Build.0 = Debug|Any CPU
		{17B5F5F8-E674-4E4B-AB33-8B805468DE62}.Debug|x86.ActiveCfg = Debug|Any CPU
		{17B5F5F8-E674-4E4B-AB33-8B805468DE62}.Debug|x86.Build.0 = Debug|Any CPU
		{17B5F5F8-E674-4E4B-AB33-8B805468DE62}.Release|Any CPU.ActiveCfg = Release|Any CPU
		{17B5F5F8-E674-4E4B-AB33-8B805468DE62}.Release|Any CPU.Build.0 = Release|Any CPU
		{17B5F5F8-E674-4E4B-AB33-8B805468DE62}.Release|x64.ActiveCfg = Release|Any CPU
		{17B5F5F8-E674-4E4B-AB33-8B805468DE62}.Release|x64.Build.0 = Release|Any CPU
		{17B5F5F8-E674-4E4B-AB33-8B805468DE62}.Release|x86.ActiveCfg = Release|Any CPU
		{17B5F5F8-E674-4E4B-AB33-8B805468DE62}.Release|x86.Build.0 = Release|Any CPU
		{47CC0345-635C-427C-A5F5-98E92725D033}.Debug|Any CPU.ActiveCfg = Debug|Any CPU
		{47CC0345-635C-427C-A5F5-98E92725D033}.Debug|Any CPU.Build.0 = Debug|Any CPU
		{47CC0345-635C-427C-A5F5-98E92725D033}.Debug|x64.ActiveCfg = Debug|Any CPU
		{47CC0345-635C-427C-A5F5-98E92725D033}.Debug|x64.Build.0 = Debug|Any CPU
		{47CC0345-635C-427C-A5F5-98E92725D033}.Debug|x86.ActiveCfg = Debug|Any CPU
		{47CC0345-635C-427C-A5F5-98E92725D033}.Debug|x86.Build.0 = Debug|Any CPU
		{47CC0345-635C-427C-A5F5-98E92725D033}.Release|Any CPU.ActiveCfg = Release|Any CPU
		{47CC0345-635C-427C-A5F5-98E92725D033}.Release|Any CPU.Build.0 = Release|Any CPU
		{47CC0345-635C-427C-A5F5-98E92725D033}.Release|x64.ActiveCfg = Release|Any CPU
		{47CC0345-635C-427C-A5F5-98E92725D033}.Release|x64.Build.0 = Release|Any CPU
		{47CC0345-635C-427C-A5F5-98E92725D033}.Release|x86.ActiveCfg = Release|Any CPU
		{47CC0345-635C-427C-A5F5-98E92725D033}.Release|x86.Build.0 = Release|Any CPU
		{076C2030-785C-4358-AA17-5E9DB38C1D46}.Debug|Any CPU.ActiveCfg = Debug|Any CPU
		{076C2030-785C-4358-AA17-5E9DB38C1D46}.Debug|Any CPU.Build.0 = Debug|Any CPU
		{076C2030-785C-4358-AA17-5E9DB38C1D46}.Debug|x64.ActiveCfg = Debug|Any CPU
		{076C2030-785C-4358-AA17-5E9DB38C1D46}.Debug|x64.Build.0 = Debug|Any CPU
		{076C2030-785C-4358-AA17-5E9DB38C1D46}.Debug|x86.ActiveCfg = Debug|Any CPU
		{076C2030-785C-4358-AA17-5E9DB38C1D46}.Debug|x86.Build.0 = Debug|Any CPU
		{076C2030-785C-4358-AA17-5E9DB38C1D46}.Release|Any CPU.ActiveCfg = Release|Any CPU
		{076C2030-785C-4358-AA17-5E9DB38C1D46}.Release|Any CPU.Build.0 = Release|Any CPU
		{076C2030-785C-4358-AA17-5E9DB38C1D46}.Release|x64.ActiveCfg = Release|Any CPU
		{076C2030-785C-4358-AA17-5E9DB38C1D46}.Release|x64.Build.0 = Release|Any CPU
		{076C2030-785C-4358-AA17-5E9DB38C1D46}.Release|x86.ActiveCfg = Release|Any CPU
		{076C2030-785C-4358-AA17-5E9DB38C1D46}.Release|x86.Build.0 = Release|Any CPU
		{50DF3C7C-0E4A-464C-A6D4-640B86654D4C}.Debug|Any CPU.ActiveCfg = Debug|Any CPU
		{50DF3C7C-0E4A-464C-A6D4-640B86654D4C}.Debug|Any CPU.Build.0 = Debug|Any CPU
		{50DF3C7C-0E4A-464C-A6D4-640B86654D4C}.Debug|x64.ActiveCfg = Debug|Any CPU
		{50DF3C7C-0E4A-464C-A6D4-640B86654D4C}.Debug|x64.Build.0 = Debug|Any CPU
		{50DF3C7C-0E4A-464C-A6D4-640B86654D4C}.Debug|x86.ActiveCfg = Debug|Any CPU
		{50DF3C7C-0E4A-464C-A6D4-640B86654D4C}.Debug|x86.Build.0 = Debug|Any CPU
		{50DF3C7C-0E4A-464C-A6D4-640B86654D4C}.Release|Any CPU.ActiveCfg = Release|Any CPU
		{50DF3C7C-0E4A-464C-A6D4-640B86654D4C}.Release|Any CPU.Build.0 = Release|Any CPU
		{50DF3C7C-0E4A-464C-A6D4-640B86654D4C}.Release|x64.ActiveCfg = Release|Any CPU
		{50DF3C7C-0E4A-464C-A6D4-640B86654D4C}.Release|x64.Build.0 = Release|Any CPU
		{50DF3C7C-0E4A-464C-A6D4-640B86654D4C}.Release|x86.ActiveCfg = Release|Any CPU
		{50DF3C7C-0E4A-464C-A6D4-640B86654D4C}.Release|x86.Build.0 = Release|Any CPU
		{60C2D627-2B82-4094-B407-E1B5F0A818E6}.Debug|Any CPU.ActiveCfg = Debug|Any CPU
		{60C2D627-2B82-4094-B407-E1B5F0A818E6}.Debug|Any CPU.Build.0 = Debug|Any CPU
		{60C2D627-2B82-4094-B407-E1B5F0A818E6}.Debug|x64.ActiveCfg = Debug|Any CPU
		{60C2D627-2B82-4094-B407-E1B5F0A818E6}.Debug|x64.Build.0 = Debug|Any CPU
		{60C2D627-2B82-4094-B407-E1B5F0A818E6}.Debug|x86.ActiveCfg = Debug|Any CPU
		{60C2D627-2B82-4094-B407-E1B5F0A818E6}.Debug|x86.Build.0 = Debug|Any CPU
		{60C2D627-2B82-4094-B407-E1B5F0A818E6}.Release|Any CPU.ActiveCfg = Release|Any CPU
		{60C2D627-2B82-4094-B407-E1B5F0A818E6}.Release|Any CPU.Build.0 = Release|Any CPU
		{60C2D627-2B82-4094-B407-E1B5F0A818E6}.Release|x64.ActiveCfg = Release|Any CPU
		{60C2D627-2B82-4094-B407-E1B5F0A818E6}.Release|x64.Build.0 = Release|Any CPU
		{60C2D627-2B82-4094-B407-E1B5F0A818E6}.Release|x86.ActiveCfg = Release|Any CPU
		{60C2D627-2B82-4094-B407-E1B5F0A818E6}.Release|x86.Build.0 = Release|Any CPU
		{3625F604-1750-49FD-8FB9-F89E0DEE3F78}.Debug|Any CPU.ActiveCfg = Debug|Any CPU
		{3625F604-1750-49FD-8FB9-F89E0DEE3F78}.Debug|Any CPU.Build.0 = Debug|Any CPU
		{3625F604-1750-49FD-8FB9-F89E0DEE3F78}.Debug|x64.ActiveCfg = Debug|Any CPU
		{3625F604-1750-49FD-8FB9-F89E0DEE3F78}.Debug|x64.Build.0 = Debug|Any CPU
		{3625F604-1750-49FD-8FB9-F89E0DEE3F78}.Debug|x86.ActiveCfg = Debug|Any CPU
		{3625F604-1750-49FD-8FB9-F89E0DEE3F78}.Debug|x86.Build.0 = Debug|Any CPU
		{3625F604-1750-49FD-8FB9-F89E0DEE3F78}.Release|Any CPU.ActiveCfg = Release|Any CPU
		{3625F604-1750-49FD-8FB9-F89E0DEE3F78}.Release|Any CPU.Build.0 = Release|Any CPU
		{3625F604-1750-49FD-8FB9-F89E0DEE3F78}.Release|x64.ActiveCfg = Release|Any CPU
		{3625F604-1750-49FD-8FB9-F89E0DEE3F78}.Release|x64.Build.0 = Release|Any CPU
		{3625F604-1750-49FD-8FB9-F89E0DEE3F78}.Release|x86.ActiveCfg = Release|Any CPU
		{3625F604-1750-49FD-8FB9-F89E0DEE3F78}.Release|x86.Build.0 = Release|Any CPU
		{1CB8CCB2-9854-4457-A578-52969C6AB6CE}.Debug|Any CPU.ActiveCfg = Debug|Any CPU
		{1CB8CCB2-9854-4457-A578-52969C6AB6CE}.Debug|Any CPU.Build.0 = Debug|Any CPU
		{1CB8CCB2-9854-4457-A578-52969C6AB6CE}.Debug|x64.ActiveCfg = Debug|Any CPU
		{1CB8CCB2-9854-4457-A578-52969C6AB6CE}.Debug|x64.Build.0 = Debug|Any CPU
		{1CB8CCB2-9854-4457-A578-52969C6AB6CE}.Debug|x86.ActiveCfg = Debug|Any CPU
		{1CB8CCB2-9854-4457-A578-52969C6AB6CE}.Debug|x86.Build.0 = Debug|Any CPU
		{1CB8CCB2-9854-4457-A578-52969C6AB6CE}.Release|Any CPU.ActiveCfg = Release|Any CPU
		{1CB8CCB2-9854-4457-A578-52969C6AB6CE}.Release|Any CPU.Build.0 = Release|Any CPU
		{1CB8CCB2-9854-4457-A578-52969C6AB6CE}.Release|x64.ActiveCfg = Release|Any CPU
		{1CB8CCB2-9854-4457-A578-52969C6AB6CE}.Release|x64.Build.0 = Release|Any CPU
		{1CB8CCB2-9854-4457-A578-52969C6AB6CE}.Release|x86.ActiveCfg = Release|Any CPU
		{1CB8CCB2-9854-4457-A578-52969C6AB6CE}.Release|x86.Build.0 = Release|Any CPU
		{2558F615-3662-4F09-B84A-CE7374DB6D8F}.Debug|Any CPU.ActiveCfg = Debug|Any CPU
		{2558F615-3662-4F09-B84A-CE7374DB6D8F}.Debug|Any CPU.Build.0 = Debug|Any CPU
		{2558F615-3662-4F09-B84A-CE7374DB6D8F}.Debug|x64.ActiveCfg = Debug|Any CPU
		{2558F615-3662-4F09-B84A-CE7374DB6D8F}.Debug|x64.Build.0 = Debug|Any CPU
		{2558F615-3662-4F09-B84A-CE7374DB6D8F}.Debug|x86.ActiveCfg = Debug|Any CPU
		{2558F615-3662-4F09-B84A-CE7374DB6D8F}.Debug|x86.Build.0 = Debug|Any CPU
		{2558F615-3662-4F09-B84A-CE7374DB6D8F}.Release|Any CPU.ActiveCfg = Release|Any CPU
		{2558F615-3662-4F09-B84A-CE7374DB6D8F}.Release|Any CPU.Build.0 = Release|Any CPU
		{2558F615-3662-4F09-B84A-CE7374DB6D8F}.Release|x64.ActiveCfg = Release|Any CPU
		{2558F615-3662-4F09-B84A-CE7374DB6D8F}.Release|x64.Build.0 = Release|Any CPU
		{2558F615-3662-4F09-B84A-CE7374DB6D8F}.Release|x86.ActiveCfg = Release|Any CPU
		{2558F615-3662-4F09-B84A-CE7374DB6D8F}.Release|x86.Build.0 = Release|Any CPU
		{0059FD09-6DAF-47AE-9ACA-FE655E32275F}.Debug|Any CPU.ActiveCfg = Debug|Any CPU
		{0059FD09-6DAF-47AE-9ACA-FE655E32275F}.Debug|Any CPU.Build.0 = Debug|Any CPU
		{0059FD09-6DAF-47AE-9ACA-FE655E32275F}.Debug|x64.ActiveCfg = Debug|Any CPU
		{0059FD09-6DAF-47AE-9ACA-FE655E32275F}.Debug|x64.Build.0 = Debug|Any CPU
		{0059FD09-6DAF-47AE-9ACA-FE655E32275F}.Debug|x86.ActiveCfg = Debug|Any CPU
		{0059FD09-6DAF-47AE-9ACA-FE655E32275F}.Debug|x86.Build.0 = Debug|Any CPU
		{0059FD09-6DAF-47AE-9ACA-FE655E32275F}.Release|Any CPU.ActiveCfg = Release|Any CPU
		{0059FD09-6DAF-47AE-9ACA-FE655E32275F}.Release|Any CPU.Build.0 = Release|Any CPU
		{0059FD09-6DAF-47AE-9ACA-FE655E32275F}.Release|x64.ActiveCfg = Release|Any CPU
		{0059FD09-6DAF-47AE-9ACA-FE655E32275F}.Release|x64.Build.0 = Release|Any CPU
		{0059FD09-6DAF-47AE-9ACA-FE655E32275F}.Release|x86.ActiveCfg = Release|Any CPU
		{0059FD09-6DAF-47AE-9ACA-FE655E32275F}.Release|x86.Build.0 = Release|Any CPU
		{840E3B41-1A7E-4B77-AB5A-934551AE7F03}.Debug|Any CPU.ActiveCfg = Debug|Any CPU
		{840E3B41-1A7E-4B77-AB5A-934551AE7F03}.Debug|Any CPU.Build.0 = Debug|Any CPU
		{840E3B41-1A7E-4B77-AB5A-934551AE7F03}.Debug|x64.ActiveCfg = Debug|Any CPU
		{840E3B41-1A7E-4B77-AB5A-934551AE7F03}.Debug|x64.Build.0 = Debug|Any CPU
		{840E3B41-1A7E-4B77-AB5A-934551AE7F03}.Debug|x86.ActiveCfg = Debug|Any CPU
		{840E3B41-1A7E-4B77-AB5A-934551AE7F03}.Debug|x86.Build.0 = Debug|Any CPU
		{840E3B41-1A7E-4B77-AB5A-934551AE7F03}.Release|Any CPU.ActiveCfg = Release|Any CPU
		{840E3B41-1A7E-4B77-AB5A-934551AE7F03}.Release|Any CPU.Build.0 = Release|Any CPU
		{840E3B41-1A7E-4B77-AB5A-934551AE7F03}.Release|x64.ActiveCfg = Release|Any CPU
		{840E3B41-1A7E-4B77-AB5A-934551AE7F03}.Release|x64.Build.0 = Release|Any CPU
		{840E3B41-1A7E-4B77-AB5A-934551AE7F03}.Release|x86.ActiveCfg = Release|Any CPU
		{840E3B41-1A7E-4B77-AB5A-934551AE7F03}.Release|x86.Build.0 = Release|Any CPU
		{28C776C4-7B6B-4802-9FF8-06AB8EC90127}.Debug|Any CPU.ActiveCfg = Debug|Any CPU
		{28C776C4-7B6B-4802-9FF8-06AB8EC90127}.Debug|Any CPU.Build.0 = Debug|Any CPU
		{28C776C4-7B6B-4802-9FF8-06AB8EC90127}.Debug|x64.ActiveCfg = Debug|Any CPU
		{28C776C4-7B6B-4802-9FF8-06AB8EC90127}.Debug|x64.Build.0 = Debug|Any CPU
		{28C776C4-7B6B-4802-9FF8-06AB8EC90127}.Debug|x86.ActiveCfg = Debug|Any CPU
		{28C776C4-7B6B-4802-9FF8-06AB8EC90127}.Debug|x86.Build.0 = Debug|Any CPU
		{28C776C4-7B6B-4802-9FF8-06AB8EC90127}.Release|Any CPU.ActiveCfg = Release|Any CPU
		{28C776C4-7B6B-4802-9FF8-06AB8EC90127}.Release|Any CPU.Build.0 = Release|Any CPU
		{28C776C4-7B6B-4802-9FF8-06AB8EC90127}.Release|x64.ActiveCfg = Release|Any CPU
		{28C776C4-7B6B-4802-9FF8-06AB8EC90127}.Release|x64.Build.0 = Release|Any CPU
		{28C776C4-7B6B-4802-9FF8-06AB8EC90127}.Release|x86.ActiveCfg = Release|Any CPU
		{28C776C4-7B6B-4802-9FF8-06AB8EC90127}.Release|x86.Build.0 = Release|Any CPU
	EndGlobalSection
	GlobalSection(SolutionProperties) = preSolution
		HideSolutionNode = FALSE
	EndGlobalSection
	GlobalSection(NestedProjects) = preSolution
		{17B5F5F8-E674-4E4B-AB33-8B805468DE62} = {E5E3DED4-833C-8448-2882-5E2DD65C4ABF}
		{E1ED5814-3279-5096-6E7D-B99B82AC87D2} = {CA253913-39DE-BFD0-C9A3-4B7EC6FBDF17}
		{8A3D6C75-9FE5-5C8D-CCBA-EB2303A4CACF} = {E1ED5814-3279-5096-6E7D-B99B82AC87D2}
		{47CC0345-635C-427C-A5F5-98E92725D033} = {8A3D6C75-9FE5-5C8D-CCBA-EB2303A4CACF}
		{CAF1BADB-424F-1275-12CF-00846F2BBF3D} = {E1ED5814-3279-5096-6E7D-B99B82AC87D2}
		{076C2030-785C-4358-AA17-5E9DB38C1D46} = {CAF1BADB-424F-1275-12CF-00846F2BBF3D}
		{9F9B5C7C-8DB4-4384-1E8B-37A9E374360A} = {CA253913-39DE-BFD0-C9A3-4B7EC6FBDF17}
		{034152A5-9AA0-667B-1077-7FB1DD395008} = {9F9B5C7C-8DB4-4384-1E8B-37A9E374360A}
		{50DF3C7C-0E4A-464C-A6D4-640B86654D4C} = {034152A5-9AA0-667B-1077-7FB1DD395008}
		{C147E3CD-8F18-FAF3-2FEE-D3D1A1864FF0} = {9F9B5C7C-8DB4-4384-1E8B-37A9E374360A}
		{60C2D627-2B82-4094-B407-E1B5F0A818E6} = {C147E3CD-8F18-FAF3-2FEE-D3D1A1864FF0}
		{0FD22AAC-ECEF-4C47-EEB9-72E8245E02C2} = {CA253913-39DE-BFD0-C9A3-4B7EC6FBDF17}
		{0FAE6855-8A90-59B6-6D1B-EAA50F834772} = {0FD22AAC-ECEF-4C47-EEB9-72E8245E02C2}
		{3625F604-1750-49FD-8FB9-F89E0DEE3F78} = {0FAE6855-8A90-59B6-6D1B-EAA50F834772}
		{71AF9407-6A1E-68F9-1AA2-7BB3DAEABC80} = {0FD22AAC-ECEF-4C47-EEB9-72E8245E02C2}
		{1CB8CCB2-9854-4457-A578-52969C6AB6CE} = {71AF9407-6A1E-68F9-1AA2-7BB3DAEABC80}
		{4502CDD3-94B8-4CD1-54ED-E27DF0C66E6B} = {CA253913-39DE-BFD0-C9A3-4B7EC6FBDF17}
		{9BE2ECE3-2CB6-D8D0-C11B-7A03D6A9CFD4} = {4502CDD3-94B8-4CD1-54ED-E27DF0C66E6B}
		{2558F615-3662-4F09-B84A-CE7374DB6D8F} = {9BE2ECE3-2CB6-D8D0-C11B-7A03D6A9CFD4}
		{47E9E364-0922-2F98-033D-C9DDB58A1D37} = {4502CDD3-94B8-4CD1-54ED-E27DF0C66E6B}
		{0059FD09-6DAF-47AE-9ACA-FE655E32275F} = {47E9E364-0922-2F98-033D-C9DDB58A1D37}
		{E4F07A3A-0D15-4D3A-4C13-E2BD6EBFF108} = {CA253913-39DE-BFD0-C9A3-4B7EC6FBDF17}
		{045AE60A-7CE7-5BDF-9AB2-CA795301A2CA} = {E4F07A3A-0D15-4D3A-4C13-E2BD6EBFF108}
		{840E3B41-1A7E-4B77-AB5A-934551AE7F03} = {045AE60A-7CE7-5BDF-9AB2-CA795301A2CA}
		{4386AD0B-6222-5FD0-BE49-098B620FC573} = {E4F07A3A-0D15-4D3A-4C13-E2BD6EBFF108}
		{28C776C4-7B6B-4802-9FF8-06AB8EC90127} = {4386AD0B-6222-5FD0-BE49-098B620FC573}
	EndGlobalSection
EndGlobal
